
Microsoft Visual Studio Solution File, Format Version 12.00
# Visual Studio Version 16
VisualStudioVersion = 16.0.31729.503
MinimumVisualStudioVersion = 10.0.40219.1
Project("{FAE04EC0-301F-11D3-BF4B-00C04F79EFBC}") = "WebApiCharactersFilms", "WebApiCharactersFilms\WebApiCharactersFilms.csproj", "{9E9B8AC7-5A46-4435-9EE8-6B5FDA1D7818}"
EndProject
Project("{FAE04EC0-301F-11D3-BF4B-00C04F79EFBC}") = "WebApiCharactersFilms.Test", "WebApiCharactersFilms.Test\WebApiCharactersFilms.Test.csproj", "{E1B6D432-0190-4F11-B4E8-FEAFBD236A43}"
EndProject
Global
	GlobalSection(SolutionConfigurationPlatforms) = preSolution
		Debug|Any CPU = Debug|Any CPU
		Release|Any CPU = Release|Any CPU
	EndGlobalSection
	GlobalSection(ProjectConfigurationPlatforms) = postSolution
		{9E9B8AC7-5A46-4435-9EE8-6B5FDA1D7818}.Debug|Any CPU.ActiveCfg = Debug|Any CPU
		{9E9B8AC7-5A46-4435-9EE8-6B5FDA1D7818}.Debug|Any CPU.Build.0 = Debug|Any CPU
		{9E9B8AC7-5A46-4435-9EE8-6B5FDA1D7818}.Release|Any CPU.ActiveCfg = Release|Any CPU
		{9E9B8AC7-5A46-4435-9EE8-6B5FDA1D7818}.Release|Any CPU.Build.0 = Release|Any CPU
		{E1B6D432-0190-4F11-B4E8-FEAFBD236A43}.Debug|Any CPU.ActiveCfg = Debug|Any CPU
		{E1B6D432-0190-4F11-B4E8-FEAFBD236A43}.Debug|Any CPU.Build.0 = Debug|Any CPU
		{E1B6D432-0190-4F11-B4E8-FEAFBD236A43}.Release|Any CPU.ActiveCfg = Release|Any CPU
		{E1B6D432-0190-4F11-B4E8-FEAFBD236A43}.Release|Any CPU.Build.0 = Release|Any CPU
	EndGlobalSection
	GlobalSection(SolutionProperties) = preSolution
		HideSolutionNode = FALSE
	EndGlobalSection
	GlobalSection(ExtensibilityGlobals) = postSolution
		SolutionGuid = {00FCCF63-B55C-4621-A2C6-FEB66B871BC0}
	EndGlobalSection
EndGlobal
